
Microsoft Visual Studio Solution File, Format Version 12.00
# Visual Studio Version 17
VisualStudioVersion = 17.0.31903.59
MinimumVisualStudioVersion = 10.0.40219.1
Project("{2150E333-8FDC-42A3-9474-1A3956D46DE8}") = "src", "src", "{E15B34D0-0214-4AAF-B87F-1F7AC7E55D0A}"
EndProject
Project("{FAE04EC0-301F-11D3-BF4B-00C04F79EFBC}") = "Dvchevskii.Blog.Admin", "src\Presentation\Dvchevskii.Blog.Admin\Dvchevskii.Blog.Admin.csproj", "{5D983554-B0BD-4742-ABE1-B2283A70C308}"
EndProject
Project("{FAE04EC0-301F-11D3-BF4B-00C04F79EFBC}") = "Dvchevskii.Blog.Auth", "src\Presentation\Dvchevskii.Blog.Api.Auth\Dvchevskii.Blog.Api.Auth.csproj", "{C8389792-8114-4D61-AB5D-118C6940EBEB}"
EndProject
Project("{FAE04EC0-301F-11D3-BF4B-00C04F79EFBC}") = "Dvchevskii.Blog.Core", "src\Domain\Dvchevskii.Blog.Core\Dvchevskii.Blog.Core.csproj", "{DB4E0144-7D14-4412-AABE-593CB2927C6F}"
EndProject
Project("{FAE04EC0-301F-11D3-BF4B-00C04F79EFBC}") = "Dvchevskii.Blog.Reader", "src\Presentation\Dvchevskii.Blog.Reader\Dvchevskii.Blog.Reader.csproj", "{710A8176-D43E-4B36-ADAE-030A5E306A78}"
EndProject
Project("{FAE04EC0-301F-11D3-BF4B-00C04F79EFBC}") = "Dvchevskii.Blog.Shared", "src\Dvchevskii.Blog.Shared\Dvchevskii.Blog.Shared.csproj", "{6A9F3633-F6B4-4FE3-A8C4-F23173E2D648}"
EndProject
Project("{FAE04EC0-301F-11D3-BF4B-00C04F79EFBC}") = "Dvchevskii.Blog.Persistence", "src\Infrastructure\Dvchevskii.Blog.Persistence\Dvchevskii.Blog.Persistence.csproj", "{3ADF9BB7-F837-4EB9-8712-002B8D11673B}"
EndProject
Project("{FAE04EC0-301F-11D3-BF4B-00C04F79EFBC}") = "Dvchevskii.Blog.Shared.Contracts", "src\Dvchevskii.Blog.Shared.Contracts\Dvchevskii.Blog.Shared.Contracts.csproj", "{891E97C1-CBAF-4D41-AFC7-0086A79C0D65}"
EndProject
Project("{FAE04EC0-301F-11D3-BF4B-00C04F79EFBC}") = "Dvchevskii.Blog.Api.Assets", "src\Presentation\Dvchevskii.Blog.Api.Assets\Dvchevskii.Blog.Api.Assets.csproj", "{5D625C1D-99D4-4E6D-A15A-01CB2AADD6D8}"
EndProject
Project("{9A19103F-16F7-4668-BE54-9A1E7A4F7556}") = "build", "build\build.csproj", "{509ED1A4-4BF5-46FD-84BD-017D9B404DAC}"
EndProject
Project("{2150E333-8FDC-42A3-9474-1A3956D46DE8}") = "Application", "Application", "{0713AFFF-FDE5-4390-BA35-23D3D7308CF2}"
EndProject
Project("{FAE04EC0-301F-11D3-BF4B-00C04F79EFBC}") = "Dvchevskii.Blog.Application", "src\Application\Dvchevskii.Blog.Application\Dvchevskii.Blog.Application.csproj", "{1FDF3425-6223-498E-BCD5-FFC996909139}"
EndProject
Project("{FAE04EC0-301F-11D3-BF4B-00C04F79EFBC}") = "Dvchevskii.Blog.Application.Contracts", "src\Application\Dvchevskii.Blog.Application.Contracts\Dvchevskii.Blog.Application.Contracts.csproj", "{DEA00F47-E868-48DA-A01A-D5DEFA133D64}"
EndProject
Project("{2150E333-8FDC-42A3-9474-1A3956D46DE8}") = "Domain", "Domain", "{DF34F4DD-F2D4-4FC0-89E6-7D9A0629E949}"
EndProject
Project("{2150E333-8FDC-42A3-9474-1A3956D46DE8}") = "Infrastructure", "Infrastructure", "{92C82928-017D-449C-B36B-4D95FE8E48D7}"
EndProject
Project("{2150E333-8FDC-42A3-9474-1A3956D46DE8}") = "Presentation", "Presentation", "{9750A463-6CFC-4600-9F9D-0BBE291976BC}"
EndProject
Project("{FAE04EC0-301F-11D3-BF4B-00C04F79EFBC}") = "Dvchevskii.Blog.Assets", "src\Infrastructure\Dvchevskii.Blog.Assets\Dvchevskii.Blog.Assets.csproj", "{6F8E844F-E498-4F57-8560-EE9795E138F8}"
EndProject
Project("{FAE04EC0-301F-11D3-BF4B-00C04F79EFBC}") = "Dvchevskii.Blog.Assets.Contracts", "src\Infrastructure\Dvchevskii.Blog.Assets.Contracts\Dvchevskii.Blog.Assets.Contracts.csproj", "{90106CB4-0DB5-462A-AA86-52DDB4721574}"
EndProject
Global
	GlobalSection(SolutionConfigurationPlatforms) = preSolution
		Debug|Any CPU = Debug|Any CPU
		Release|Any CPU = Release|Any CPU
	EndGlobalSection
	GlobalSection(SolutionProperties) = preSolution
		HideSolutionNode = FALSE
	EndGlobalSection
	GlobalSection(ProjectConfigurationPlatforms) = postSolution
		{509ED1A4-4BF5-46FD-84BD-017D9B404DAC}.Debug|Any CPU.ActiveCfg = Debug|Any CPU
		{509ED1A4-4BF5-46FD-84BD-017D9B404DAC}.Release|Any CPU.ActiveCfg = Release|Any CPU
		{5D983554-B0BD-4742-ABE1-B2283A70C308}.Debug|Any CPU.ActiveCfg = Debug|Any CPU
		{5D983554-B0BD-4742-ABE1-B2283A70C308}.Debug|Any CPU.Build.0 = Debug|Any CPU
		{5D983554-B0BD-4742-ABE1-B2283A70C308}.Release|Any CPU.ActiveCfg = Release|Any CPU
		{5D983554-B0BD-4742-ABE1-B2283A70C308}.Release|Any CPU.Build.0 = Release|Any CPU
		{C8389792-8114-4D61-AB5D-118C6940EBEB}.Debug|Any CPU.ActiveCfg = Debug|Any CPU
		{C8389792-8114-4D61-AB5D-118C6940EBEB}.Debug|Any CPU.Build.0 = Debug|Any CPU
		{C8389792-8114-4D61-AB5D-118C6940EBEB}.Release|Any CPU.ActiveCfg = Release|Any CPU
		{C8389792-8114-4D61-AB5D-118C6940EBEB}.Release|Any CPU.Build.0 = Release|Any CPU
		{DB4E0144-7D14-4412-AABE-593CB2927C6F}.Debug|Any CPU.ActiveCfg = Debug|Any CPU
		{DB4E0144-7D14-4412-AABE-593CB2927C6F}.Debug|Any CPU.Build.0 = Debug|Any CPU
		{DB4E0144-7D14-4412-AABE-593CB2927C6F}.Release|Any CPU.ActiveCfg = Release|Any CPU
		{DB4E0144-7D14-4412-AABE-593CB2927C6F}.Release|Any CPU.Build.0 = Release|Any CPU
		{710A8176-D43E-4B36-ADAE-030A5E306A78}.Debug|Any CPU.ActiveCfg = Debug|Any CPU
		{710A8176-D43E-4B36-ADAE-030A5E306A78}.Debug|Any CPU.Build.0 = Debug|Any CPU
		{710A8176-D43E-4B36-ADAE-030A5E306A78}.Release|Any CPU.ActiveCfg = Release|Any CPU
		{710A8176-D43E-4B36-ADAE-030A5E306A78}.Release|Any CPU.Build.0 = Release|Any CPU
		{6A9F3633-F6B4-4FE3-A8C4-F23173E2D648}.Debug|Any CPU.ActiveCfg = Debug|Any CPU
		{6A9F3633-F6B4-4FE3-A8C4-F23173E2D648}.Debug|Any CPU.Build.0 = Debug|Any CPU
		{6A9F3633-F6B4-4FE3-A8C4-F23173E2D648}.Release|Any CPU.ActiveCfg = Release|Any CPU
		{6A9F3633-F6B4-4FE3-A8C4-F23173E2D648}.Release|Any CPU.Build.0 = Release|Any CPU
		{3ADF9BB7-F837-4EB9-8712-002B8D11673B}.Debug|Any CPU.ActiveCfg = Debug|Any CPU
		{3ADF9BB7-F837-4EB9-8712-002B8D11673B}.Debug|Any CPU.Build.0 = Debug|Any CPU
		{3ADF9BB7-F837-4EB9-8712-002B8D11673B}.Release|Any CPU.ActiveCfg = Release|Any CPU
		{3ADF9BB7-F837-4EB9-8712-002B8D11673B}.Release|Any CPU.Build.0 = Release|Any CPU
		{891E97C1-CBAF-4D41-AFC7-0086A79C0D65}.Debug|Any CPU.ActiveCfg = Debug|Any CPU
		{891E97C1-CBAF-4D41-AFC7-0086A79C0D65}.Debug|Any CPU.Build.0 = Debug|Any CPU
		{891E97C1-CBAF-4D41-AFC7-0086A79C0D65}.Release|Any CPU.ActiveCfg = Release|Any CPU
		{891E97C1-CBAF-4D41-AFC7-0086A79C0D65}.Release|Any CPU.Build.0 = Release|Any CPU
		{5D625C1D-99D4-4E6D-A15A-01CB2AADD6D8}.Debug|Any CPU.ActiveCfg = Debug|Any CPU
		{5D625C1D-99D4-4E6D-A15A-01CB2AADD6D8}.Debug|Any CPU.Build.0 = Debug|Any CPU
		{5D625C1D-99D4-4E6D-A15A-01CB2AADD6D8}.Release|Any CPU.ActiveCfg = Release|Any CPU
		{5D625C1D-99D4-4E6D-A15A-01CB2AADD6D8}.Release|Any CPU.Build.0 = Release|Any CPU
		{1FDF3425-6223-498E-BCD5-FFC996909139}.Debug|Any CPU.ActiveCfg = Debug|Any CPU
		{1FDF3425-6223-498E-BCD5-FFC996909139}.Debug|Any CPU.Build.0 = Debug|Any CPU
		{1FDF3425-6223-498E-BCD5-FFC996909139}.Release|Any CPU.ActiveCfg = Release|Any CPU
		{1FDF3425-6223-498E-BCD5-FFC996909139}.Release|Any CPU.Build.0 = Release|Any CPU
		{DEA00F47-E868-48DA-A01A-D5DEFA133D64}.Debug|Any CPU.ActiveCfg = Debug|Any CPU
		{DEA00F47-E868-48DA-A01A-D5DEFA133D64}.Debug|Any CPU.Build.0 = Debug|Any CPU
		{DEA00F47-E868-48DA-A01A-D5DEFA133D64}.Release|Any CPU.ActiveCfg = Release|Any CPU
		{DEA00F47-E868-48DA-A01A-D5DEFA133D64}.Release|Any CPU.Build.0 = Release|Any CPU
		{6F8E844F-E498-4F57-8560-EE9795E138F8}.Debug|Any CPU.ActiveCfg = Debug|Any CPU
		{6F8E844F-E498-4F57-8560-EE9795E138F8}.Debug|Any CPU.Build.0 = Debug|Any CPU
		{6F8E844F-E498-4F57-8560-EE9795E138F8}.Release|Any CPU.ActiveCfg = Release|Any CPU
		{6F8E844F-E498-4F57-8560-EE9795E138F8}.Release|Any CPU.Build.0 = Release|Any CPU
		{90106CB4-0DB5-462A-AA86-52DDB4721574}.Debug|Any CPU.ActiveCfg = Debug|Any CPU
		{90106CB4-0DB5-462A-AA86-52DDB4721574}.Debug|Any CPU.Build.0 = Debug|Any CPU
		{90106CB4-0DB5-462A-AA86-52DDB4721574}.Release|Any CPU.ActiveCfg = Release|Any CPU
		{90106CB4-0DB5-462A-AA86-52DDB4721574}.Release|Any CPU.Build.0 = Release|Any CPU
	EndGlobalSection
	GlobalSection(NestedProjects) = preSolution
		{6A9F3633-F6B4-4FE3-A8C4-F23173E2D648} = {E15B34D0-0214-4AAF-B87F-1F7AC7E55D0A}
		{891E97C1-CBAF-4D41-AFC7-0086A79C0D65} = {E15B34D0-0214-4AAF-B87F-1F7AC7E55D0A}
		{0713AFFF-FDE5-4390-BA35-23D3D7308CF2} = {E15B34D0-0214-4AAF-B87F-1F7AC7E55D0A}
		{1FDF3425-6223-498E-BCD5-FFC996909139} = {0713AFFF-FDE5-4390-BA35-23D3D7308CF2}
		{DEA00F47-E868-48DA-A01A-D5DEFA133D64} = {0713AFFF-FDE5-4390-BA35-23D3D7308CF2}
		{DF34F4DD-F2D4-4FC0-89E6-7D9A0629E949} = {E15B34D0-0214-4AAF-B87F-1F7AC7E55D0A}
		{DB4E0144-7D14-4412-AABE-593CB2927C6F} = {DF34F4DD-F2D4-4FC0-89E6-7D9A0629E949}
		{92C82928-017D-449C-B36B-4D95FE8E48D7} = {E15B34D0-0214-4AAF-B87F-1F7AC7E55D0A}
		{3ADF9BB7-F837-4EB9-8712-002B8D11673B} = {92C82928-017D-449C-B36B-4D95FE8E48D7}
		{9750A463-6CFC-4600-9F9D-0BBE291976BC} = {E15B34D0-0214-4AAF-B87F-1F7AC7E55D0A}
		{5D983554-B0BD-4742-ABE1-B2283A70C308} = {9750A463-6CFC-4600-9F9D-0BBE291976BC}
		{5D625C1D-99D4-4E6D-A15A-01CB2AADD6D8} = {9750A463-6CFC-4600-9F9D-0BBE291976BC}
		{C8389792-8114-4D61-AB5D-118C6940EBEB} = {9750A463-6CFC-4600-9F9D-0BBE291976BC}
		{710A8176-D43E-4B36-ADAE-030A5E306A78} = {9750A463-6CFC-4600-9F9D-0BBE291976BC}
		{6F8E844F-E498-4F57-8560-EE9795E138F8} = {92C82928-017D-449C-B36B-4D95FE8E48D7}
		{90106CB4-0DB5-462A-AA86-52DDB4721574} = {92C82928-017D-449C-B36B-4D95FE8E48D7}
	EndGlobalSection
EndGlobal
